{
  "originHash" : "94555481105839f968a3ce361de2894ea1de086d0033db3ad5f5a9e74c661ae2",
  "pins" : [
    {
      "identity" : "gesturekit",
      "kind" : "remoteSourceControl",
      "location" : "https://github.com/nthState/GestureKit",
      "state" : {
        "branch" : "main",
        "revision" : "7975ea3337583da2039e8388b3070a366daa78b4"
      }
    },
    {
      "identity" : "uuidv7",
      "kind" : "remoteSourceControl",
      "location" : "https://github.com/nthState/UUIDV7",
      "state" : {
        "branch" : "main",
        "revision" : "68c460a23918f82b590cf4b20d06e92e019b39fc"
      }
    }
  ],
  "version" : 3
}
